
Microsoft Visual Studio Solution File, Format Version 12.00
# Visual Studio Version 17
VisualStudioVersion = 17.7.34221.43
MinimumVisualStudioVersion = 10.0.40219.1
Project("{9A19103F-16F7-4668-BE54-9A1E7A4F7556}") = "Basic", "C_Sharp_Basic\Basic.csproj", "{58BE6288-6AAD-483C-8386-A9CC3CB34350}"
EndProject
Project("{9A19103F-16F7-4668-BE54-9A1E7A4F7556}") = "APIApp", "APIApp\APIApp.csproj", "{B89713AF-B860-4EFA-B340-0AA807410A89}"
EndProject
Project("{9A19103F-16F7-4668-BE54-9A1E7A4F7556}") = "BlazorWSMApp", "BlazorWSMApp\BlazorWSMApp.csproj", "{6B72609D-AC3E-45AF-BA3E-4921790D9F3A}"
EndProject
Project("{9A19103F-16F7-4668-BE54-9A1E7A4F7556}") = "MVCApp", "MVCApp\MVCApp.csproj", "{DE67E460-F969-4DDA-84F0-FBA32EFE158C}"
EndProject
Project("{9A19103F-16F7-4668-BE54-9A1E7A4F7556}") = "Shared", "Shared\Shared.csproj", "{D18E6D55-2209-45A1-B6DC-7525740BCB97}"
EndProject
Project("{2150E333-8FDC-42A3-9474-1A3956D46DE8}") = "Document", "Document", "{7181BC7D-4AB4-4E02-A217-0DE83F63A1A6}"
	ProjectSection(SolutionItems) = preProject
		README.md = README.md
	EndProjectSection
EndProject
Project("{9A19103F-16F7-4668-BE54-9A1E7A4F7556}") = "BlazorServerApp", "BlazorServerApp\BlazorServerApp.csproj", "{FA588BBA-E272-44BC-BECA-FE801DFAA67E}"
EndProject
Project("{9A19103F-16F7-4668-BE54-9A1E7A4F7556}") = "BlazorServerGlobal", "BlazorServerGlobal\BlazorServerGlobal.csproj", "{5E885921-FFCF-4F49-AC9D-9DD0802A61B9}"
EndProject
Project("{9A19103F-16F7-4668-BE54-9A1E7A4F7556}") = "Database", "Database\Database.csproj", "{2ED17C17-64AE-41D8-A5F9-6D8CE481E7F8}"
EndProject
Project("{9A19103F-16F7-4668-BE54-9A1E7A4F7556}") = "MinimalAPI", "MinimalAPI\MinimalAPI.csproj", "{97027A87-6B2C-4E78-8D5F-BE5D44C6472F}"
EndProject
Project("{2150E333-8FDC-42A3-9474-1A3956D46DE8}") = "Config", "Config", "{2AAB593C-1042-49EC-8ABD-8BFEBF6C7EE5}"
	ProjectSection(SolutionItems) = preProject
		custom-setting-dev.json = custom-setting-dev.json
		Config\custom-setting-dev.json = Config\custom-setting-dev.json
	EndProjectSection
EndProject
Project("{9A19103F-16F7-4668-BE54-9A1E7A4F7556}") = "Service", "Service\Service.csproj", "{D5D22E20-DDEB-477D-AFA1-B5EDC3F2D9FA}"
EndProject
Project("{FAE04EC0-301F-11D3-BF4B-00C04F79EFBC}") = "Models", "Models\Models.csproj", "{806445F3-2CD8-40A7-BE99-74535AD08801}"
EndProject
Project("{FAE04EC0-301F-11D3-BF4B-00C04F79EFBC}") = "WindowForm.Report", "WindowForm.Report\WindowForm.Report.csproj", "{8567F81B-F17A-4FA6-88FF-B39255D98568}"
EndProject
Project("{FAE04EC0-301F-11D3-BF4B-00C04F79EFBC}") = "MSIdentity", "MSIdentity\MSIdentity.csproj", "{AC29E159-F740-4C0C-84BD-DCCF8DE63727}"
EndProject
Global
	GlobalSection(SolutionConfigurationPlatforms) = preSolution
		Debug|Any CPU = Debug|Any CPU
		Release|Any CPU = Release|Any CPU
	EndGlobalSection
	GlobalSection(ProjectConfigurationPlatforms) = postSolution
		{58BE6288-6AAD-483C-8386-A9CC3CB34350}.Debug|Any CPU.ActiveCfg = Debug|Any CPU
		{58BE6288-6AAD-483C-8386-A9CC3CB34350}.Debug|Any CPU.Build.0 = Debug|Any CPU
		{58BE6288-6AAD-483C-8386-A9CC3CB34350}.Release|Any CPU.ActiveCfg = Release|Any CPU
		{58BE6288-6AAD-483C-8386-A9CC3CB34350}.Release|Any CPU.Build.0 = Release|Any CPU
		{B89713AF-B860-4EFA-B340-0AA807410A89}.Debug|Any CPU.ActiveCfg = Debug|Any CPU
		{B89713AF-B860-4EFA-B340-0AA807410A89}.Debug|Any CPU.Build.0 = Debug|Any CPU
		{B89713AF-B860-4EFA-B340-0AA807410A89}.Release|Any CPU.ActiveCfg = Release|Any CPU
		{B89713AF-B860-4EFA-B340-0AA807410A89}.Release|Any CPU.Build.0 = Release|Any CPU
		{6B72609D-AC3E-45AF-BA3E-4921790D9F3A}.Debug|Any CPU.ActiveCfg = Debug|Any CPU
		{6B72609D-AC3E-45AF-BA3E-4921790D9F3A}.Debug|Any CPU.Build.0 = Debug|Any CPU
		{6B72609D-AC3E-45AF-BA3E-4921790D9F3A}.Release|Any CPU.ActiveCfg = Release|Any CPU
		{6B72609D-AC3E-45AF-BA3E-4921790D9F3A}.Release|Any CPU.Build.0 = Release|Any CPU
		{DE67E460-F969-4DDA-84F0-FBA32EFE158C}.Debug|Any CPU.ActiveCfg = Debug|Any CPU
		{DE67E460-F969-4DDA-84F0-FBA32EFE158C}.Debug|Any CPU.Build.0 = Debug|Any CPU
		{DE67E460-F969-4DDA-84F0-FBA32EFE158C}.Release|Any CPU.ActiveCfg = Release|Any CPU
		{DE67E460-F969-4DDA-84F0-FBA32EFE158C}.Release|Any CPU.Build.0 = Release|Any CPU
		{D18E6D55-2209-45A1-B6DC-7525740BCB97}.Debug|Any CPU.ActiveCfg = Debug|Any CPU
		{D18E6D55-2209-45A1-B6DC-7525740BCB97}.Debug|Any CPU.Build.0 = Debug|Any CPU
		{D18E6D55-2209-45A1-B6DC-7525740BCB97}.Release|Any CPU.ActiveCfg = Release|Any CPU
		{D18E6D55-2209-45A1-B6DC-7525740BCB97}.Release|Any CPU.Build.0 = Release|Any CPU
		{FA588BBA-E272-44BC-BECA-FE801DFAA67E}.Debug|Any CPU.ActiveCfg = Debug|Any CPU
		{FA588BBA-E272-44BC-BECA-FE801DFAA67E}.Debug|Any CPU.Build.0 = Debug|Any CPU
		{FA588BBA-E272-44BC-BECA-FE801DFAA67E}.Release|Any CPU.ActiveCfg = Release|Any CPU
		{FA588BBA-E272-44BC-BECA-FE801DFAA67E}.Release|Any CPU.Build.0 = Release|Any CPU
		{5E885921-FFCF-4F49-AC9D-9DD0802A61B9}.Debug|Any CPU.ActiveCfg = Debug|Any CPU
		{5E885921-FFCF-4F49-AC9D-9DD0802A61B9}.Debug|Any CPU.Build.0 = Debug|Any CPU
		{5E885921-FFCF-4F49-AC9D-9DD0802A61B9}.Release|Any CPU.ActiveCfg = Release|Any CPU
		{5E885921-FFCF-4F49-AC9D-9DD0802A61B9}.Release|Any CPU.Build.0 = Release|Any CPU
		{2ED17C17-64AE-41D8-A5F9-6D8CE481E7F8}.Debug|Any CPU.ActiveCfg = Debug|Any CPU
		{2ED17C17-64AE-41D8-A5F9-6D8CE481E7F8}.Debug|Any CPU.Build.0 = Debug|Any CPU
		{2ED17C17-64AE-41D8-A5F9-6D8CE481E7F8}.Release|Any CPU.ActiveCfg = Release|Any CPU
		{2ED17C17-64AE-41D8-A5F9-6D8CE481E7F8}.Release|Any CPU.Build.0 = Release|Any CPU
		{97027A87-6B2C-4E78-8D5F-BE5D44C6472F}.Debug|Any CPU.ActiveCfg = Debug|Any CPU
		{97027A87-6B2C-4E78-8D5F-BE5D44C6472F}.Debug|Any CPU.Build.0 = Debug|Any CPU
		{97027A87-6B2C-4E78-8D5F-BE5D44C6472F}.Release|Any CPU.ActiveCfg = Release|Any CPU
		{97027A87-6B2C-4E78-8D5F-BE5D44C6472F}.Release|Any CPU.Build.0 = Release|Any CPU
		{D5D22E20-DDEB-477D-AFA1-B5EDC3F2D9FA}.Debug|Any CPU.ActiveCfg = Debug|Any CPU
		{D5D22E20-DDEB-477D-AFA1-B5EDC3F2D9FA}.Debug|Any CPU.Build.0 = Debug|Any CPU
		{D5D22E20-DDEB-477D-AFA1-B5EDC3F2D9FA}.Release|Any CPU.ActiveCfg = Release|Any CPU
		{D5D22E20-DDEB-477D-AFA1-B5EDC3F2D9FA}.Release|Any CPU.Build.0 = Release|Any CPU
		{806445F3-2CD8-40A7-BE99-74535AD08801}.Debug|Any CPU.ActiveCfg = Debug|Any CPU
		{806445F3-2CD8-40A7-BE99-74535AD08801}.Debug|Any CPU.Build.0 = Debug|Any CPU
		{806445F3-2CD8-40A7-BE99-74535AD08801}.Release|Any CPU.ActiveCfg = Release|Any CPU
		{806445F3-2CD8-40A7-BE99-74535AD08801}.Release|Any CPU.Build.0 = Release|Any CPU
		{8567F81B-F17A-4FA6-88FF-B39255D98568}.Debug|Any CPU.ActiveCfg = Debug|Any CPU
		{8567F81B-F17A-4FA6-88FF-B39255D98568}.Debug|Any CPU.Build.0 = Debug|Any CPU
		{8567F81B-F17A-4FA6-88FF-B39255D98568}.Release|Any CPU.ActiveCfg = Release|Any CPU
		{8567F81B-F17A-4FA6-88FF-B39255D98568}.Release|Any CPU.Build.0 = Release|Any CPU
		{AC29E159-F740-4C0C-84BD-DCCF8DE63727}.Debug|Any CPU.ActiveCfg = Debug|Any CPU
		{AC29E159-F740-4C0C-84BD-DCCF8DE63727}.Debug|Any CPU.Build.0 = Debug|Any CPU
		{AC29E159-F740-4C0C-84BD-DCCF8DE63727}.Release|Any CPU.ActiveCfg = Release|Any CPU
		{AC29E159-F740-4C0C-84BD-DCCF8DE63727}.Release|Any CPU.Build.0 = Release|Any CPU
	EndGlobalSection
	GlobalSection(SolutionProperties) = preSolution
		HideSolutionNode = FALSE
	EndGlobalSection
	GlobalSection(ExtensibilityGlobals) = postSolution
		SolutionGuid = {9D75D027-3E5F-4451-83E3-1335157BDB3C}
	EndGlobalSection
EndGlobal
